
Microsoft Visual Studio Solution File, Format Version 12.00
# Visual Studio 15
VisualStudioVersion = 15.0.28307.1340
MinimumVisualStudioVersion = 10.0.40219.1
Project("{FAE04EC0-301F-11D3-BF4B-00C04F79EFBC}") = "PSWebApi", "PSWebApi\PSWebApi.csproj", "{CBB5FFCA-F3D4-47DB-A693-23DDD386CD64}"
EndProject
Global
	GlobalSection(SolutionConfigurationPlatforms) = preSolution
		Debug|Any CPU = Debug|Any CPU
		Release|Any CPU = Release|Any CPU
	EndGlobalSection
	GlobalSection(ProjectConfigurationPlatforms) = postSolution
		{CBB5FFCA-F3D4-47DB-A693-23DDD386CD64}.Debug|Any CPU.ActiveCfg = Debug|Any CPU
		{CBB5FFCA-F3D4-47DB-A693-23DDD386CD64}.Debug|Any CPU.Build.0 = Debug|Any CPU
		{CBB5FFCA-F3D4-47DB-A693-23DDD386CD64}.Release|Any CPU.ActiveCfg = Release|Any CPU
		{CBB5FFCA-F3D4-47DB-A693-23DDD386CD64}.Release|Any CPU.Build.0 = Release|Any CPU
	EndGlobalSection
	GlobalSection(SolutionProperties) = preSolution
		HideSolutionNode = FALSE
	EndGlobalSection
	GlobalSection(ExtensibilityGlobals) = postSolution
		SolutionGuid = {414607D9-E924-46B1-B9DB-616E252AF27E}
	EndGlobalSection
EndGlobal
